# THIS IS AN AUTOGENERATED FILE. DO NOT EDIT THIS FILE DIRECTLY.
# yarn lockfile v1


castle-baidu-tj@^1.0.0:
  version "1.0.0"
  resolved "https://registry.yarnpkg.com/castle-baidu-tj/-/castle-baidu-tj-1.0.0.tgz#96117bde2b824fd2ceb2782ad2f45db9977c8846"
  integrity sha512-n8yi/37o1QoE8HvvnvG291X/hKXCxKdhZVxjsX53Leb+yIOwk80bLiXtmHHu9YO8yJ8YP3aJ+b/qQG3pn5ZbIg==
